# This file is automatically @generated by Cargo.
# It is not intended for manual editing.
version = 4

[[package]]
name = "p0001_two_sum"
version = "0.0.0"

[[package]]
name = "p0014_longest_common_prefix"
version = "0.0.0"

[[package]]
name = "p0026_remove_duplicates_from_sorted_array"
version = "0.0.0"

[[package]]
name = "p0027_remove_element"
version = "0.0.0"

[[package]]
name = "p0049_group_anagrams"
version = "0.0.0"

[[package]]
name = "p0088_merge_sorted_array"
version = "0.0.0"

[[package]]
name = "p0121_best_time_to_buy_and_sell_stock"
version = "0.0.0"

[[package]]
name = "p0125_valid_palindrome"
version = "0.0.0"

[[package]]
name = "p0169_majority_element"
version = "0.0.0"

[[package]]
name = "p0217_contains_duplicate"
version = "0.0.0"

[[package]]
name = "p0242_valid_anagram"
version = "0.0.0"

[[package]]
name = "p0344_reverse_string"
version = "0.0.0"

[[package]]
name = "p0412_fizz_buzz"
version = "0.0.0"

[[package]]
name = "p0680_valid_palindrome_ii"
version = "0.0.0"

[[package]]
name = "p0682_baseball_game"
version = "0.0.0"

[[package]]
name = "p1313_decompress_run_length_encoded_list"
version = "0.0.0"

[[package]]
name = "p1480_running_sum_of_1d_array"
version = "0.0.0"

[[package]]
name = "p1768_merge_strings_alternately"
version = "0.0.0"

[[package]]
name = "p1929_concatenation_of_array"
version = "0.0.0"
